// !$*UTF8*$!
{
	archiveVersion = 1;
	classes = {
	};
	objectVersion = 46;
	objects = {

/* Begin PBXBuildFile section */
		444A90701F50B20600A24E1A /* main.m in Sources */ = {isa = PBXBuildFile; fileRef = 444A906F1F50B20600A24E1A /* main.m */; };
		444A90731F50B20600A24E1A /* AppDelegate.m in Sources */ = {isa = PBXBuildFile; fileRef = 444A90721F50B20600A24E1A /* AppDelegate.m */; };
		444A90761F50B20600A24E1A /* ViewController.m in Sources */ = {isa = PBXBuildFile; fileRef = 444A90751F50B20600A24E1A /* ViewController.m */; };
		444A90791F50B20600A24E1A /* Main.storyboard in Resources */ = {isa = PBXBuildFile; fileRef = 444A90771F50B20600A24E1A /* Main.storyboard */; };
		444A907B1F50B20600A24E1A /* Assets.xcassets in Resources */ = {isa = PBXBuildFile; fileRef = 444A907A1F50B20600A24E1A /* Assets.xcassets */; };
		444A907E1F50B20600A24E1A /* LaunchScreen.storyboard in Resources */ = {isa = PBXBuildFile; fileRef = 444A907C1F50B20600A24E1A /* LaunchScreen.storyboard */; };
/* End PBXBuildFile section */

/* Begin PBXFileReference section */
		444A906B1F50B20600A24E1A /* Marvel Characters.app */ = {isa = PBXFileReference; explicitFileType = wrapper.application; includeInIndex = 0; path = "Marvel Characters.app"; sourceTree = BUILT_PRODUCTS_DIR; };
		444A906F1F50B20600A24E1A /* main.m */ = {isa = PBXFileReference; lastKnownFileType = sourcecode.c.objc; path = main.m; sourceTree = "<group>"; };
		444A90711F50B20600A24E1A /* AppDelegate.h */ = {isa = PBXFileReference; lastKnownFileType = sourcecode.c.h; path = AppDelegate.h; sourceTree = "<group>"; };
		444A90721F50B20600A24E1A /* AppDelegate.m */ = {isa = PBXFileReference; lastKnownFileType = sourcecode.c.objc; path = AppDelegate.m; sourceTree = "<group>"; };
		444A90741F50B20600A24E1A /* ViewController.h */ = {isa = PBXFileReference; lastKnownFileType = sourcecode.c.h; path = ViewController.h; sourceTree = "<group>"; };
		444A90751F50B20600A24E1A /* ViewController.m */ = {isa = PBXFileReference; lastKnownFileType = sourcecode.c.objc; path = ViewController.m; sourceTree = "<group>"; };
		444A90781F50B20600A24E1A /* Base */ = {isa = PBXFileReference; lastKnownFileType = file.storyboard; name = Base; path = Base.lproj/Main.storyboard; sourceTree = "<group>"; };
		444A907A1F50B20600A24E1A /* Assets.xcassets */ = {isa = PBXFileReference; lastKnownFileType = folder.assetcatalog; path = Assets.xcassets; sourceTree = "<group>"; };
		444A907D1F50B20600A24E1A /* Base */ = {isa = PBXFileReference; lastKnownFileType = file.storyboard; name = Base; path = Base.lproj/LaunchScreen.storyboard; sourceTree = "<group>"; };
		444A907F1F50B20600A24E1A /* Info.plist */ = {isa = PBXFileReference; lastKnownFileType = text.plist.xml; path = Info.plist; sourceTree = "<group>"; };
/* End PBXFileReference section */

/* Begin PBXFrameworksBuildPhase section */
		444A90681F50B20600A24E1A /* Frameworks */ = {
			isa = PBXFrameworksBuildPhase;
			buildActionMask = 2147483647;
			files = (
			);
			runOnlyForDeploymentPostprocessing = 0;
		};
/* End PBXFrameworksBuildPhase section */

/* Begin PBXGroup section */
		444A90621F50B20600A24E1A = {
			isa = PBXGroup;
			children = (
				444A906D1F50B20600A24E1A /* Marvel Characters */,
				444A906C1F50B20600A24E1A /* Products */,
			);
			sourceTree = "<group>";
		};
		444A906C1F50B20600A24E1A /* Products */ = {
			isa = PBXGroup;
			children = (
				444A906B1F50B20600A24E1A /* Marvel Characters.app */,
			);
			name = Products;
			sourceTree = "<group>";
		};
		444A906D1F50B20600A24E1A /* Marvel Characters */ = {
			isa = PBXGroup;
			children = (
				444A90711F50B20600A24E1A /* AppDelegate.h */,
				444A90721F50B20600A24E1A /* AppDelegate.m */,
				444A90741F50B20600A24E1A /* ViewController.h */,
				444A90751F50B20600A24E1A /* ViewController.m */,
				444A90771F50B20600A24E1A /* Main.storyboard */,
				444A907A1F50B20600A24E1A /* Assets.xcassets */,
				444A907C1F50B20600A24E1A /* LaunchScreen.storyboard */,
				444A907F1F50B20600A24E1A /* Info.plist */,
				444A906E1F50B20600A24E1A /* Supporting Files */,
			);
			path = "Marvel Characters";
			sourceTree = "<group>";
		};
		444A906E1F50B20600A24E1A /* Supporting Files */ = {
			isa = PBXGroup;
			children = (
				444A906F1F50B20600A24E1A /* main.m */,
			);
			name = "Supporting Files";
			sourceTree = "<group>";
		};
/* End PBXGroup section */

/* Begin PBXNativeTarget section */
		444A906A1F50B20600A24E1A /* Marvel Characters */ = {
			isa = PBXNativeTarget;
			buildConfigurationList = 444A90821F50B20600A24E1A /* Build configuration list for PBXNativeTarget "Marvel Characters" */;
			buildPhases = (
				444A90671F50B20600A24E1A /* Sources */,
				444A90681F50B20600A24E1A /* Frameworks */,
				444A90691F50B20600A24E1A /* Resources */,
			);
			buildRules = (
			);
			dependencies = (
			);
			name = "Marvel Characters";
			productName = "Marvel Characters";
			productReference = 444A906B1F50B20600A24E1A /* Marvel Characters.app */;
			productType = "com.apple.product-type.application";
		};
/* End PBXNativeTarget section */

/* Begin PBXProject section */
		444A90631F50B20600A24E1A /* Project object */ = {
			isa = PBXProject;
			attributes = {
				LastUpgradeCheck = 0830;
				ORGANIZATIONNAME = Zimad;
				TargetAttributes = {
					444A906A1F50B20600A24E1A = {
						CreatedOnToolsVersion = 8.3.3;
						DevelopmentTeam = 63D7MXL8D4;
						ProvisioningStyle = Automatic;
					};
				};
			};
			buildConfigurationList = 444A90661F50B20600A24E1A /* Build configuration list for PBXProject "Marvel Characters" */;
			compatibilityVersion = "Xcode 3.2";
			developmentRegion = English;
			hasScannedForEncodings = 0;
			knownRegions = (
				en,
				Base,
			);
			mainGroup = 444A90621F50B20600A24E1A;
			productRefGroup = 444A906C1F50B20600A24E1A /* Products */;
			projectDirPath = "";
			projectRoot = "";
			targets = (
				444A906A1F50B20600A24E1A /* Marvel Characters */,
			);
		};
/* End PBXProject section */

/* Begin PBXResourcesBuildPhase section */
		444A90691F50B20600A24E1A /* Resources */ = {
			isa = PBXResourcesBuildPhase;
			buildActionMask = 2147483647;
			files = (
				444A907E1F50B20600A24E1A /* LaunchScreen.storyboard in Resources */,
				444A907B1F50B20600A24E1A /* Assets.xcassets in Resources */,
				444A90791F50B20600A24E1A /* Main.storyboard in Resources */,
			);
			runOnlyForDeploymentPostprocessing = 0;
		};
/* End PBXResourcesBuildPhase section */

/* Begin PBXSourcesBuildPhase section */
		444A90671F50B20600A24E1A /* Sources */ = {
			isa = PBXSourcesBuildPhase;
			buildActionMask = 2147483647;
			files = (
				444A90761F50B20600A24E1A /* ViewController.m in Sources */,
				444A90731F50B20600A24E1A /* AppDelegate.m in Sources */,
				444A90701F50B20600A24E1A /* main.m in Sources */,
			);
			runOnlyForDeploymentPostprocessing = 0;
		};
/* End PBXSourcesBuildPhase section */

/* Begin PBXVariantGroup section */
		444A90771F50B20600A24E1A /* Main.storyboard */ = {
			isa = PBXVariantGroup;
			children = (
				444A90781F50B20600A24E1A /* Base */,
			);
			name = Main.storyboard;
			sourceTree = "<group>";
		};
		444A907C1F50B20600A24E1A /* LaunchScreen.storyboard */ = {
			isa = PBXVariantGroup;
			children = (
				444A907D1F50B20600A24E1A /* Base */,
			);
			name = LaunchScreen.storyboard;
			sourceTree = "<group>";
		};
/* End PBXVariantGroup section */

/* Begin XCBuildConfiguration section */
		444A90801F50B20600A24E1A /* Debug */ = {
			isa = XCBuildConfiguration;
			buildSettings = {
				ALWAYS_SEARCH_USER_PATHS = NO;
				CLANG_ANALYZER_NONNULL = YES;
				CLANG_ANALYZER_NUMBER_OBJECT_CONVERSION = YES_AGGRESSIVE;
				CLANG_CXX_LANGUAGE_STANDARD = "gnu++0x";
				CLANG_CXX_LIBRARY = "libc++";
				CLANG_ENABLE_MODULES = YES;
				CLANG_ENABLE_OBJC_ARC = YES;
				CLANG_WARN_BOOL_CONVERSION = YES;
				CLANG_WARN_CONSTANT_CONVERSION = YES;
				CLANG_WARN_DIRECT_OBJC_ISA_USAGE = YES_ERROR;
				CLANG_WARN_DOCUMENTATION_COMMENTS = YES;
				CLANG_WARN_EMPTY_BODY = YES;
				CLANG_WARN_ENUM_CONVERSION = YES;
				CLANG_WARN_INFINITE_RECURSION = YES;
				CLANG_WARN_INT_CONVERSION = YES;
				CLANG_WARN_OBJC_ROOT_CLASS = YES_ERROR;
				CLANG_WARN_SUSPICIOUS_MOVE = YES;
				CLANG_WARN_UNREACHABLE_CODE = YES;
				CLANG_WARN__DUPLICATE_METHOD_MATCH = YES;
				"CODE_SIGN_IDENTITY[sdk=iphoneos*]" = "iPhone Developer";
				COPY_PHASE_STRIP = NO;
				DEBUG_INFORMATION_FORMAT = dwarf;
				ENABLE_STRICT_OBJC_MSGSEND = YES;
				ENABLE_TESTABILITY = YES;
				GCC_C_LANGUAGE_STANDARD = gnu99;
				GCC_DYNAMIC_NO_PIC = NO;
				GCC_NO_COMMON_BLOCKS = YES;
				GCC_OPTIMIZATION_LEVEL = 0;
				GCC_PREPROCESSOR_DEFINITIONS = (
					"DEBUG=1",
					"$(inherited)",
				);
				GCC_WARN_64_TO_32_BIT_CONVERSION = YES;
				GCC_WARN_ABOUT_RETURN_TYPE = YES_ERROR;
				GCC_WARN_UNDECLARED_SELECTOR = YES;
				GCC_WARN_UNINITIALIZED_AUTOS = YES_AGGRESSIVE;
				GCC_WARN_UNUSED_FUNCTION = YES;
				GCC_WARN_UNUSED_VARIABLE = YES;
				IPHONEOS_DEPLOYMENT_TARGET = 10.3;
				MTL_ENABLE_DEBUG_INFO = YES;
				ONLY_ACTIVE_ARCH = YES;
				SDKROOT = iphoneos;
				TARGETED_DEVICE_FAMILY = "1,2";
			};
			name = Debug;
		};
		444A90811F50B20600A24E1A /* Release */ = {
			isa = XCBuildConfiguration;
			buildSettings = {
				ALWAYS_SEARCH_USER_PATHS = NO;
				CLANG_ANALYZER_NONNULL = YES;
				CLANG_ANALYZER_NUMBER_OBJECT_CONVERSION = YES_AGGRESSIVE;
				CLANG_CXX_LANGUAGE_STANDARD = "gnu++0x";
				CLANG_CXX_LIBRARY = "libc++";
				CLANG_ENABLE_MODULES = YES;
				CLANG_ENABLE_OBJC_ARC = YES;
				CLANG_WARN_BOOL_CONVERSION = YES;
				CLANG_WARN_CONSTANT_CONVERSION = YES;
				CLANG_WARN_DIRECT_OBJC_ISA_USAGE = YES_ERROR;
				CLANG_WARN_DOCUMENTATION_COMMENTS = YES;
				CLANG_WARN_EMPTY_BODY = YES;
				CLANG_WARN_ENUM_CONVERSION = YES;
				CLANG_WARN_INFINITE_RECURSION = YES;
				CLANG_WARN_INT_CONVERSION = YES;
				CLANG_WARN_OBJC_ROOT_CLASS = YES_ERROR;
				CLANG_WARN_SUSPICIOUS_MOVE = YES;
				CLANG_WARN_UNREACHABLE_CODE = YES;
				CLANG_WARN__DUPLICATE_METHOD_MATCH = YES;
				"CODE_SIGN_IDENTITY[sdk=iphoneos*]" = "iPhone Developer";
				COPY_PHASE_STRIP = NO;
				DEBUG_INFORMATION_FORMAT = "dwarf-with-dsym";
				ENABLE_NS_ASSERTIONS = NO;
				ENABLE_STRICT_OBJC_MSGSEND = YES;
				GCC_C_LANGUAGE_STANDARD = gnu99;
				GCC_NO_COMMON_BLOCKS = YES;
				GCC_WARN_64_TO_32_BIT_CONVERSION = YES;
				GCC_WARN_ABOUT_RETURN_TYPE = YES_ERROR;
				GCC_WARN_UNDECLARED_SELECTOR = YES;
				GCC_WARN_UNINITIALIZED_AUTOS = YES_AGGRESSIVE;
				GCC_WARN_UNUSED_FUNCTION = YES;
				GCC_WARN_UNUSED_VARIABLE = YES;
				IPHONEOS_DEPLOYMENT_TARGET = 10.3;
				MTL_ENABLE_DEBUG_INFO = NO;
				SDKROOT = iphoneos;
				TARGETED_DEVICE_FAMILY = "1,2";
				VALIDATE_PRODUCT = YES;
			};
			name = Release;
		};
		444A90831F50B20600A24E1A /* Debug */ = {
			isa = XCBuildConfiguration;
			buildSettings = {
				ASSETCATALOG_COMPILER_APPICON_NAME = AppIcon;
				DEVELOPMENT_TEAM = 63D7MXL8D4;
				INFOPLIST_FILE = "Marvel Characters/Info.plist";
				LD_RUNPATH_SEARCH_PATHS = "$(inherited) @executable_path/Frameworks";
				PRODUCT_BUNDLE_IDENTIFIER = "zimad.Marvel-Characters";
				PRODUCT_NAME = "$(TARGET_NAME)";
			};
			name = Debug;
		};
		444A90841F50B20600A24E1A /* Release */ = {
			isa = XCBuildConfiguration;
			buildSettings = {
				ASSETCATALOG_COMPILER_APPICON_NAME = AppIcon;
				DEVELOPMENT_TEAM = 63D7MXL8D4;
				INFOPLIST_FILE = "Marvel Characters/Info.plist";
				LD_RUNPATH_SEARCH_PATHS = "$(inherited) @executable_path/Frameworks";
				PRODUCT_BUNDLE_IDENTIFIER = "zimad.Marvel-Characters";
				PRODUCT_NAME = "$(TARGET_NAME)";
			};
			name = Release;
		};
/* End XCBuildConfiguration section */

/* Begin XCConfigurationList section */
		444A90661F50B20600A24E1A /* Build configuration list for PBXProject "Marvel Characters" */ = {
			isa = XCConfigurationList;
			buildConfigurations = (
				444A90801F50B20600A24E1A /* Debug */,
				444A90811F50B20600A24E1A /* Release */,
			);
			defaultConfigurationIsVisible = 0;
			defaultConfigurationName = Release;
		};
		444A90821F50B20600A24E1A /* Build configuration list for PBXNativeTarget "Marvel Characters" */ = {
			isa = XCConfigurationList;
			buildConfigurations = (
				444A90831F50B20600A24E1A /* Debug */,
				444A90841F50B20600A24E1A /* Release */,
			);
			defaultConfigurationIsVisible = 0;
		};
/* End XCConfigurationList section */
	};
	rootObject = 444A90631F50B20600A24E1A /* Project object */;
}
